
Microsoft Visual Studio Solution File, Format Version 12.00
# Visual Studio Version 16
VisualStudioVersion = 16.0.30907.101
MinimumVisualStudioVersion = 10.0.40219.1
Project("{FAE04EC0-301F-11D3-BF4B-00C04F79EFBC}") = "PolyLineEncoder", "PolyLineEncoder\PolyLineEncoder.csproj", "{A8B67892-2D89-4B1A-8B52-F273A4A58E97}"
EndProject
Project("{FAE04EC0-301F-11D3-BF4B-00C04F79EFBC}") = "PolyLineEncoderTest", "PolyLineEncoderTest\PolyLineEncoderTest.csproj", "{17359FFD-6F5D-424A-BCDA-9AA56F3879F3}"
EndProject
Global
	GlobalSection(SolutionConfigurationPlatforms) = preSolution
		Debug|Any CPU = Debug|Any CPU
		Release|Any CPU = Release|Any CPU
	EndGlobalSection
	GlobalSection(ProjectConfigurationPlatforms) = postSolution
		{A8B67892-2D89-4B1A-8B52-F273A4A58E97}.Debug|Any CPU.ActiveCfg = Debug|Any CPU
		{A8B67892-2D89-4B1A-8B52-F273A4A58E97}.Debug|Any CPU.Build.0 = Debug|Any CPU
		{A8B67892-2D89-4B1A-8B52-F273A4A58E97}.Release|Any CPU.ActiveCfg = Release|Any CPU
		{A8B67892-2D89-4B1A-8B52-F273A4A58E97}.Release|Any CPU.Build.0 = Release|Any CPU
		{17359FFD-6F5D-424A-BCDA-9AA56F3879F3}.Debug|Any CPU.ActiveCfg = Debug|Any CPU
		{17359FFD-6F5D-424A-BCDA-9AA56F3879F3}.Debug|Any CPU.Build.0 = Debug|Any CPU
		{17359FFD-6F5D-424A-BCDA-9AA56F3879F3}.Release|Any CPU.ActiveCfg = Release|Any CPU
		{17359FFD-6F5D-424A-BCDA-9AA56F3879F3}.Release|Any CPU.Build.0 = Release|Any CPU
	EndGlobalSection
	GlobalSection(SolutionProperties) = preSolution
		HideSolutionNode = FALSE
	EndGlobalSection
	GlobalSection(ExtensibilityGlobals) = postSolution
		SolutionGuid = {588AEEEF-CD82-472B-B0E0-DD52A68F790C}
	EndGlobalSection
EndGlobal
